
Microsoft Visual Studio Solution File, Format Version 12.00
# Visual Studio Version 16
VisualStudioVersion = 16.0.33423.256
MinimumVisualStudioVersion = 10.0.40219.1
Project("{9A19103F-16F7-4668-BE54-9A1E7A4F7556}") = "Application2", "Application2\Application2\Application2.csproj", "{A79A5515-1126-46D0-8D13-A982B2A5C46F}"
EndProject
Project("{9A19103F-16F7-4668-BE54-9A1E7A4F7556}") = "BusinessLayer", "Application2\BusinessLayer\BusinessLayer.csproj", "{5806D070-DE78-4F1B-B1ED-CDF4A07AAD8C}"
EndProject
Global
	GlobalSection(SolutionConfigurationPlatforms) = preSolution
		Debug|Any CPU = Debug|Any CPU
		Release|Any CPU = Release|Any CPU
	EndGlobalSection
	GlobalSection(ProjectConfigurationPlatforms) = postSolution
		{A79A5515-1126-46D0-8D13-A982B2A5C46F}.Debug|Any CPU.ActiveCfg = Debug|Any CPU
		{A79A5515-1126-46D0-8D13-A982B2A5C46F}.Debug|Any CPU.Build.0 = Debug|Any CPU
		{A79A5515-1126-46D0-8D13-A982B2A5C46F}.Release|Any CPU.ActiveCfg = Release|Any CPU
		{A79A5515-1126-46D0-8D13-A982B2A5C46F}.Release|Any CPU.Build.0 = Release|Any CPU
		{5806D070-DE78-4F1B-B1ED-CDF4A07AAD8C}.Debug|Any CPU.ActiveCfg = Debug|Any CPU
		{5806D070-DE78-4F1B-B1ED-CDF4A07AAD8C}.Debug|Any CPU.Build.0 = Debug|Any CPU
		{5806D070-DE78-4F1B-B1ED-CDF4A07AAD8C}.Release|Any CPU.ActiveCfg = Release|Any CPU
		{5806D070-DE78-4F1B-B1ED-CDF4A07AAD8C}.Release|Any CPU.Build.0 = Release|Any CPU
	EndGlobalSection
	GlobalSection(SolutionProperties) = preSolution
		HideSolutionNode = FALSE
	EndGlobalSection
	GlobalSection(ExtensibilityGlobals) = postSolution
		SolutionGuid = {3B84B5CF-0750-42F8-881A-FABBCEBA81FA}
	EndGlobalSection
EndGlobal
